
Microsoft Visual Studio Solution File, Format Version 11.00
# Visual Studio 2010
Project("{FAE04EC0-301F-11D3-BF4B-00C04F79EFBC}") = "Submarines", "Assembly-CSharp.csproj", "{FDC452B5-53AB-1B75-2460-0EC3E60B5B1B}"
EndProject
Global
	GlobalSection(SolutionConfigurationPlatforms) = preSolution
		Debug|Any CPU = Debug|Any CPU
		Release|Any CPU = Release|Any CPU
	EndGlobalSection
	GlobalSection(ProjectConfigurationPlatforms) = postSolution
		{FDC452B5-53AB-1B75-2460-0EC3E60B5B1B}.Debug|Any CPU.ActiveCfg = Debug|Any CPU
		{FDC452B5-53AB-1B75-2460-0EC3E60B5B1B}.Debug|Any CPU.Build.0 = Debug|Any CPU
		{FDC452B5-53AB-1B75-2460-0EC3E60B5B1B}.Release|Any CPU.ActiveCfg = Release|Any CPU
		{FDC452B5-53AB-1B75-2460-0EC3E60B5B1B}.Release|Any CPU.Build.0 = Release|Any CPU
	EndGlobalSection
	GlobalSection(SolutionProperties) = preSolution
		HideSolutionNode = FALSE
	EndGlobalSection
	GlobalSection(MonoDevelopProperties) = preSolution
		StartupItem = Assembly-CSharp.csproj
	EndGlobalSection
EndGlobal
